
Microsoft Visual Studio Solution File, Format Version 12.00
# Visual Studio Version 17
VisualStudioVersion = 17.1.32328.378
MinimumVisualStudioVersion = 10.0.40219.1
Project("{FAE04EC0-301F-11D3-BF4B-00C04F79EFBC}") = "CHC.DateTimeExtensions", "CHC.DateTimeExtensions.csproj", "{ADE02E59-A8D9-4896-93D5-818B3F36C58E}"
EndProject
Project("{FAE04EC0-301F-11D3-BF4B-00C04F79EFBC}") = "CHC.DateTimeExtensions.Tests", "..\CHC.DateTimeExtensions.Tests\CHC.DateTimeExtensions.Tests.csproj", "{9EEA398C-4E87-43EA-9690-4151E04DD4D9}"
EndProject
Global
	GlobalSection(SolutionConfigurationPlatforms) = preSolution
		Debug|Any CPU = Debug|Any CPU
		Release|Any CPU = Release|Any CPU
	EndGlobalSection
	GlobalSection(ProjectConfigurationPlatforms) = postSolution
		{ADE02E59-A8D9-4896-93D5-818B3F36C58E}.Debug|Any CPU.ActiveCfg = Debug|Any CPU
		{ADE02E59-A8D9-4896-93D5-818B3F36C58E}.Debug|Any CPU.Build.0 = Debug|Any CPU
		{ADE02E59-A8D9-4896-93D5-818B3F36C58E}.Release|Any CPU.ActiveCfg = Release|Any CPU
		{ADE02E59-A8D9-4896-93D5-818B3F36C58E}.Release|Any CPU.Build.0 = Release|Any CPU
		{9EEA398C-4E87-43EA-9690-4151E04DD4D9}.Debug|Any CPU.ActiveCfg = Debug|Any CPU
		{9EEA398C-4E87-43EA-9690-4151E04DD4D9}.Debug|Any CPU.Build.0 = Debug|Any CPU
		{9EEA398C-4E87-43EA-9690-4151E04DD4D9}.Release|Any CPU.ActiveCfg = Release|Any CPU
		{9EEA398C-4E87-43EA-9690-4151E04DD4D9}.Release|Any CPU.Build.0 = Release|Any CPU
	EndGlobalSection
	GlobalSection(SolutionProperties) = preSolution
		HideSolutionNode = FALSE
	EndGlobalSection
	GlobalSection(ExtensibilityGlobals) = postSolution
		SolutionGuid = {1CB5D930-2420-4E78-95EB-56DC24598EDD}
	EndGlobalSection
EndGlobal
